
Microsoft Visual Studio Solution File, Format Version 12.00
# Visual Studio Version 17
VisualStudioVersion = 17.0.31903.59
MinimumVisualStudioVersion = 10.0.40219.1
Project("{2150E333-8FDC-42A3-9474-1A3956D46DE8}") = "src", "src", "{827E0CD3-B72D-47B6-A68D-7590B98EB39B}"
EndProject
Project("{FAE04EC0-301F-11D3-BF4B-00C04F79EFBC}") = "Halisaha.Domain", "src\Halisaha.Domain\Halisaha.Domain.csproj", "{E408FC8D-EBC0-4B3F-9280-860BE3FAF9CD}"
EndProject
Project("{FAE04EC0-301F-11D3-BF4B-00C04F79EFBC}") = "Halisaha.Application", "src\Halisaha.Application\Halisaha.Application.csproj", "{B837463B-B179-4842-99DE-DFA5CD4C9768}"
EndProject
Project("{FAE04EC0-301F-11D3-BF4B-00C04F79EFBC}") = "Halisaha.Infrastructure", "src\Halisaha.Infrastructure\Halisaha.Infrastructure.csproj", "{ED69CFCC-9A46-4B94-ACC5-431A977BF637}"
EndProject
Project("{FAE04EC0-301F-11D3-BF4B-00C04F79EFBC}") = "Halisaha.Api", "src\Halisaha.Api\Halisaha.Api.csproj", "{FA6EADD5-35D3-4625-852E-37C6717E410C}"
EndProject
Project("{2150E333-8FDC-42A3-9474-1A3956D46DE8}") = "tests", "tests", "{0AB3BF05-4346-4AA6-1389-037BE0695223}"
EndProject
Project("{FAE04EC0-301F-11D3-BF4B-00C04F79EFBC}") = "Halisaha.UnitTests", "tests\Halisaha.UnitTests\Halisaha.UnitTests.csproj", "{C9959564-C779-4A7C-B401-CDAFC7088E77}"
EndProject
Project("{FAE04EC0-301F-11D3-BF4B-00C04F79EFBC}") = "Halisaha.IntegrationTests", "tests\Halisaha.IntegrationTests\Halisaha.IntegrationTests.csproj", "{D0BB643F-216D-4854-BAB6-A1DA950688EA}"
EndProject
Global
	GlobalSection(SolutionConfigurationPlatforms) = preSolution
		Debug|Any CPU = Debug|Any CPU
		Debug|x64 = Debug|x64
		Debug|x86 = Debug|x86
		Release|Any CPU = Release|Any CPU
		Release|x64 = Release|x64
		Release|x86 = Release|x86
	EndGlobalSection
	GlobalSection(ProjectConfigurationPlatforms) = postSolution
		{E408FC8D-EBC0-4B3F-9280-860BE3FAF9CD}.Debug|Any CPU.ActiveCfg = Debug|Any CPU
		{E408FC8D-EBC0-4B3F-9280-860BE3FAF9CD}.Debug|Any CPU.Build.0 = Debug|Any CPU
		{E408FC8D-EBC0-4B3F-9280-860BE3FAF9CD}.Debug|x64.ActiveCfg = Debug|Any CPU
		{E408FC8D-EBC0-4B3F-9280-860BE3FAF9CD}.Debug|x64.Build.0 = Debug|Any CPU
		{E408FC8D-EBC0-4B3F-9280-860BE3FAF9CD}.Debug|x86.ActiveCfg = Debug|Any CPU
		{E408FC8D-EBC0-4B3F-9280-860BE3FAF9CD}.Debug|x86.Build.0 = Debug|Any CPU
		{E408FC8D-EBC0-4B3F-9280-860BE3FAF9CD}.Release|Any CPU.ActiveCfg = Release|Any CPU
		{E408FC8D-EBC0-4B3F-9280-860BE3FAF9CD}.Release|Any CPU.Build.0 = Release|Any CPU
		{E408FC8D-EBC0-4B3F-9280-860BE3FAF9CD}.Release|x64.ActiveCfg = Release|Any CPU
		{E408FC8D-EBC0-4B3F-9280-860BE3FAF9CD}.Release|x64.Build.0 = Release|Any CPU
		{E408FC8D-EBC0-4B3F-9280-860BE3FAF9CD}.Release|x86.ActiveCfg = Release|Any CPU
		{E408FC8D-EBC0-4B3F-9280-860BE3FAF9CD}.Release|x86.Build.0 = Release|Any CPU
		{B837463B-B179-4842-99DE-DFA5CD4C9768}.Debug|Any CPU.ActiveCfg = Debug|Any CPU
		{B837463B-B179-4842-99DE-DFA5CD4C9768}.Debug|Any CPU.Build.0 = Debug|Any CPU
		{B837463B-B179-4842-99DE-DFA5CD4C9768}.Debug|x64.ActiveCfg = Debug|Any CPU
		{B837463B-B179-4842-99DE-DFA5CD4C9768}.Debug|x64.Build.0 = Debug|Any CPU
		{B837463B-B179-4842-99DE-DFA5CD4C9768}.Debug|x86.ActiveCfg = Debug|Any CPU
		{B837463B-B179-4842-99DE-DFA5CD4C9768}.Debug|x86.Build.0 = Debug|Any CPU
		{B837463B-B179-4842-99DE-DFA5CD4C9768}.Release|Any CPU.ActiveCfg = Release|Any CPU
		{B837463B-B179-4842-99DE-DFA5CD4C9768}.Release|Any CPU.Build.0 = Release|Any CPU
		{B837463B-B179-4842-99DE-DFA5CD4C9768}.Release|x64.ActiveCfg = Release|Any CPU
		{B837463B-B179-4842-99DE-DFA5CD4C9768}.Release|x64.Build.0 = Release|Any CPU
		{B837463B-B179-4842-99DE-DFA5CD4C9768}.Release|x86.ActiveCfg = Release|Any CPU
		{B837463B-B179-4842-99DE-DFA5CD4C9768}.Release|x86.Build.0 = Release|Any CPU
		{ED69CFCC-9A46-4B94-ACC5-431A977BF637}.Debug|Any CPU.ActiveCfg = Debug|Any CPU
		{ED69CFCC-9A46-4B94-ACC5-431A977BF637}.Debug|Any CPU.Build.0 = Debug|Any CPU
		{ED69CFCC-9A46-4B94-ACC5-431A977BF637}.Debug|x64.ActiveCfg = Debug|Any CPU
		{ED69CFCC-9A46-4B94-ACC5-431A977BF637}.Debug|x64.Build.0 = Debug|Any CPU
		{ED69CFCC-9A46-4B94-ACC5-431A977BF637}.Debug|x86.ActiveCfg = Debug|Any CPU
		{ED69CFCC-9A46-4B94-ACC5-431A977BF637}.Debug|x86.Build.0 = Debug|Any CPU
		{ED69CFCC-9A46-4B94-ACC5-431A977BF637}.Release|Any CPU.ActiveCfg = Release|Any CPU
		{ED69CFCC-9A46-4B94-ACC5-431A977BF637}.Release|Any CPU.Build.0 = Release|Any CPU
		{ED69CFCC-9A46-4B94-ACC5-431A977BF637}.Release|x64.ActiveCfg = Release|Any CPU
		{ED69CFCC-9A46-4B94-ACC5-431A977BF637}.Release|x64.Build.0 = Release|Any CPU
		{ED69CFCC-9A46-4B94-ACC5-431A977BF637}.Release|x86.ActiveCfg = Release|Any CPU
		{ED69CFCC-9A46-4B94-ACC5-431A977BF637}.Release|x86.Build.0 = Release|Any CPU
		{FA6EADD5-35D3-4625-852E-37C6717E410C}.Debug|Any CPU.ActiveCfg = Debug|Any CPU
		{FA6EADD5-35D3-4625-852E-37C6717E410C}.Debug|Any CPU.Build.0 = Debug|Any CPU
		{FA6EADD5-35D3-4625-852E-37C6717E410C}.Debug|x64.ActiveCfg = Debug|Any CPU
		{FA6EADD5-35D3-4625-852E-37C6717E410C}.Debug|x64.Build.0 = Debug|Any CPU
		{FA6EADD5-35D3-4625-852E-37C6717E410C}.Debug|x86.ActiveCfg = Debug|Any CPU
		{FA6EADD5-35D3-4625-852E-37C6717E410C}.Debug|x86.Build.0 = Debug|Any CPU
		{FA6EADD5-35D3-4625-852E-37C6717E410C}.Release|Any CPU.ActiveCfg = Release|Any CPU
		{FA6EADD5-35D3-4625-852E-37C6717E410C}.Release|Any CPU.Build.0 = Release|Any CPU
		{FA6EADD5-35D3-4625-852E-37C6717E410C}.Release|x64.ActiveCfg = Release|Any CPU
		{FA6EADD5-35D3-4625-852E-37C6717E410C}.Release|x64.Build.0 = Release|Any CPU
		{FA6EADD5-35D3-4625-852E-37C6717E410C}.Release|x86.ActiveCfg = Release|Any CPU
		{FA6EADD5-35D3-4625-852E-37C6717E410C}.Release|x86.Build.0 = Release|Any CPU
		{C9959564-C779-4A7C-B401-CDAFC7088E77}.Debug|Any CPU.ActiveCfg = Debug|Any CPU
		{C9959564-C779-4A7C-B401-CDAFC7088E77}.Debug|Any CPU.Build.0 = Debug|Any CPU
		{C9959564-C779-4A7C-B401-CDAFC7088E77}.Debug|x64.ActiveCfg = Debug|Any CPU
		{C9959564-C779-4A7C-B401-CDAFC7088E77}.Debug|x64.Build.0 = Debug|Any CPU
		{C9959564-C779-4A7C-B401-CDAFC7088E77}.Debug|x86.ActiveCfg = Debug|Any CPU
		{C9959564-C779-4A7C-B401-CDAFC7088E77}.Debug|x86.Build.0 = Debug|Any CPU
		{C9959564-C779-4A7C-B401-CDAFC7088E77}.Release|Any CPU.ActiveCfg = Release|Any CPU
		{C9959564-C779-4A7C-B401-CDAFC7088E77}.Release|Any CPU.Build.0 = Release|Any CPU
		{C9959564-C779-4A7C-B401-CDAFC7088E77}.Release|x64.ActiveCfg = Release|Any CPU
		{C9959564-C779-4A7C-B401-CDAFC7088E77}.Release|x64.Build.0 = Release|Any CPU
		{C9959564-C779-4A7C-B401-CDAFC7088E77}.Release|x86.ActiveCfg = Release|Any CPU
		{C9959564-C779-4A7C-B401-CDAFC7088E77}.Release|x86.Build.0 = Release|Any CPU
		{D0BB643F-216D-4854-BAB6-A1DA950688EA}.Debug|Any CPU.ActiveCfg = Debug|Any CPU
		{D0BB643F-216D-4854-BAB6-A1DA950688EA}.Debug|Any CPU.Build.0 = Debug|Any CPU
		{D0BB643F-216D-4854-BAB6-A1DA950688EA}.Debug|x64.ActiveCfg = Debug|Any CPU
		{D0BB643F-216D-4854-BAB6-A1DA950688EA}.Debug|x64.Build.0 = Debug|Any CPU
		{D0BB643F-216D-4854-BAB6-A1DA950688EA}.Debug|x86.ActiveCfg = Debug|Any CPU
		{D0BB643F-216D-4854-BAB6-A1DA950688EA}.Debug|x86.Build.0 = Debug|Any CPU
		{D0BB643F-216D-4854-BAB6-A1DA950688EA}.Release|Any CPU.ActiveCfg = Release|Any CPU
		{D0BB643F-216D-4854-BAB6-A1DA950688EA}.Release|Any CPU.Build.0 = Release|Any CPU
		{D0BB643F-216D-4854-BAB6-A1DA950688EA}.Release|x64.ActiveCfg = Release|Any CPU
		{D0BB643F-216D-4854-BAB6-A1DA950688EA}.Release|x64.Build.0 = Release|Any CPU
		{D0BB643F-216D-4854-BAB6-A1DA950688EA}.Release|x86.ActiveCfg = Release|Any CPU
		{D0BB643F-216D-4854-BAB6-A1DA950688EA}.Release|x86.Build.0 = Release|Any CPU
	EndGlobalSection
	GlobalSection(SolutionProperties) = preSolution
		HideSolutionNode = FALSE
	EndGlobalSection
	GlobalSection(NestedProjects) = preSolution
		{E408FC8D-EBC0-4B3F-9280-860BE3FAF9CD} = {827E0CD3-B72D-47B6-A68D-7590B98EB39B}
		{B837463B-B179-4842-99DE-DFA5CD4C9768} = {827E0CD3-B72D-47B6-A68D-7590B98EB39B}
		{ED69CFCC-9A46-4B94-ACC5-431A977BF637} = {827E0CD3-B72D-47B6-A68D-7590B98EB39B}
		{FA6EADD5-35D3-4625-852E-37C6717E410C} = {827E0CD3-B72D-47B6-A68D-7590B98EB39B}
		{C9959564-C779-4A7C-B401-CDAFC7088E77} = {0AB3BF05-4346-4AA6-1389-037BE0695223}
		{D0BB643F-216D-4854-BAB6-A1DA950688EA} = {0AB3BF05-4346-4AA6-1389-037BE0695223}
	EndGlobalSection
EndGlobal
